{
    "name": "taiga-ui-jetbrains-plugin",
    "version": "0.1.0",
    "lockfileVersion": 3,
    "requires": true,
    "packages": {
        "": {
            "name": "taiga-ui-jetbrains-plugin",
            "version": "0.1.0",
            "devDependencies": {
                "@taiga-ui/design-tokens": "0.310.0",
                "@taiga-ui/icons": "5.18.0",
                "prettier": "3.6.2"
            }
        },
        "node_modules/@taiga-ui/design-tokens": {
            "version": "0.310.0",
            "resolved": "https://registry.npmjs.org/@taiga-ui/design-tokens/-/design-tokens-0.310.0.tgz",
            "integrity": "sha512-DT/hHVi+p6ubOClF01SXCWduB1UMQo/dEvw5RJrOstktQuXRnBQRKN7w6boK+GlteLWvxNc0l13UPWPrRATkWQ==",
            "dev": true,
            "license": "Apache-2.0",
            "dependencies": {
                "tslib": "^2.3.0"
            }
        },
        "node_modules/@taiga-ui/icons": {
            "version": "5.18.0",
            "resolved": "https://registry.npmjs.org/@taiga-ui/icons/-/icons-5.18.0.tgz",
            "dev": true,
            "license": "Apache-2.0"
        },
        "node_modules/prettier": {
            "version": "3.6.2",
            "resolved": "https://registry.npmjs.org/prettier/-/prettier-3.6.2.tgz",
            "integrity": "sha512-I7AIg5boAr5R0FFtJ6rCfD+LFsWHp81dolrFD8S79U9tb8Az2nGrJncnMSnys+bpQJfRUzqs9hnA81OAA3hCuQ==",
            "dev": true,
            "license": "MIT",
            "bin": {
                "prettier": "bin/prettier.cjs"
            },
            "engines": {
                "node": ">=14"
            },
            "funding": {
                "url": "https://github.com/prettier/prettier?sponsor=1"
            }
        },
        "node_modules/tslib": {
            "version": "2.8.1",
            "resolved": "https://registry.npmjs.org/tslib/-/tslib-2.8.1.tgz",
            "integrity": "sha512-oJFu94HQb+KVduSUQL7wnpmqnfmLsOA/nAh6b6EH0wCEoK0/mPeXU6c3wKDV83MkOuHPRHtSXKKU99IBazS/2w==",
            "dev": true,
            "license": "0BSD"
        }
    }
}
